
Microsoft Visual Studio Solution File, Format Version 12.00
# Visual Studio Version 17
VisualStudioVersion = 17.5.33516.290
MinimumVisualStudioVersion = 10.0.40219.1
Project("{9A19103F-16F7-4668-BE54-9A1E7A4F7556}") = "Problems", "Problems.csproj", "{797F8B97-27EA-4C62-A676-2FEBC09A6E61}"
EndProject
Project("{FAE04EC0-301F-11D3-BF4B-00C04F79EFBC}") = "ProblemsTests", "..\ProblemsTests\ProblemsTests.csproj", "{AFFEE3F8-9C7A-430C-849C-B8A524EC4511}"
EndProject
Global
	GlobalSection(SolutionConfigurationPlatforms) = preSolution
		Debug|Any CPU = Debug|Any CPU
		Release|Any CPU = Release|Any CPU
	EndGlobalSection
	GlobalSection(ProjectConfigurationPlatforms) = postSolution
		{797F8B97-27EA-4C62-A676-2FEBC09A6E61}.Debug|Any CPU.ActiveCfg = Debug|Any CPU
		{797F8B97-27EA-4C62-A676-2FEBC09A6E61}.Debug|Any CPU.Build.0 = Debug|Any CPU
		{797F8B97-27EA-4C62-A676-2FEBC09A6E61}.Release|Any CPU.ActiveCfg = Release|Any CPU
		{797F8B97-27EA-4C62-A676-2FEBC09A6E61}.Release|Any CPU.Build.0 = Release|Any CPU
		{AFFEE3F8-9C7A-430C-849C-B8A524EC4511}.Debug|Any CPU.ActiveCfg = Debug|Any CPU
		{AFFEE3F8-9C7A-430C-849C-B8A524EC4511}.Debug|Any CPU.Build.0 = Debug|Any CPU
		{AFFEE3F8-9C7A-430C-849C-B8A524EC4511}.Release|Any CPU.ActiveCfg = Release|Any CPU
		{AFFEE3F8-9C7A-430C-849C-B8A524EC4511}.Release|Any CPU.Build.0 = Release|Any CPU
	EndGlobalSection
	GlobalSection(SolutionProperties) = preSolution
		HideSolutionNode = FALSE
	EndGlobalSection
	GlobalSection(ExtensibilityGlobals) = postSolution
		SolutionGuid = {656936F4-4EE0-4E28-8AB2-1066A36A5467}
	EndGlobalSection
EndGlobal
