
Microsoft Visual Studio Solution File, Format Version 12.00
# Visual Studio Version 17
VisualStudioVersion = 17.5.33516.290
MinimumVisualStudioVersion = 10.0.40219.1
Project("{FAE04EC0-301F-11D3-BF4B-00C04F79EFBC}") = "Unit-Testing", "Unit-Testing.csproj", "{5B82CC1B-5020-4A0F-BC47-AC5628515D56}"
EndProject
Project("{FAE04EC0-301F-11D3-BF4B-00C04F79EFBC}") = "Unit-TestingTests", "..\Unit-TestingTests\Unit-TestingTests.csproj", "{F3A7AF49-E30B-4A4C-BB74-CF93B876B096}"
EndProject
Global
	GlobalSection(SolutionConfigurationPlatforms) = preSolution
		Debug|Any CPU = Debug|Any CPU
		Release|Any CPU = Release|Any CPU
	EndGlobalSection
	GlobalSection(ProjectConfigurationPlatforms) = postSolution
		{5B82CC1B-5020-4A0F-BC47-AC5628515D56}.Debug|Any CPU.ActiveCfg = Debug|Any CPU
		{5B82CC1B-5020-4A0F-BC47-AC5628515D56}.Debug|Any CPU.Build.0 = Debug|Any CPU
		{5B82CC1B-5020-4A0F-BC47-AC5628515D56}.Release|Any CPU.ActiveCfg = Release|Any CPU
		{5B82CC1B-5020-4A0F-BC47-AC5628515D56}.Release|Any CPU.Build.0 = Release|Any CPU
		{F3A7AF49-E30B-4A4C-BB74-CF93B876B096}.Debug|Any CPU.ActiveCfg = Debug|Any CPU
		{F3A7AF49-E30B-4A4C-BB74-CF93B876B096}.Debug|Any CPU.Build.0 = Debug|Any CPU
		{F3A7AF49-E30B-4A4C-BB74-CF93B876B096}.Release|Any CPU.ActiveCfg = Release|Any CPU
		{F3A7AF49-E30B-4A4C-BB74-CF93B876B096}.Release|Any CPU.Build.0 = Release|Any CPU
	EndGlobalSection
	GlobalSection(SolutionProperties) = preSolution
		HideSolutionNode = FALSE
	EndGlobalSection
	GlobalSection(ExtensibilityGlobals) = postSolution
		SolutionGuid = {3FE0E7A5-ECBF-40CD-95A3-D5F6ECA9CA48}
	EndGlobalSection
EndGlobal
